
Microsoft Visual Studio Solution File, Format Version 12.00
# Visual Studio Version 16
VisualStudioVersion = 16.0.29020.237
MinimumVisualStudioVersion = 10.0.40219.1
Project("{FAE04EC0-301F-11D3-BF4B-00C04F79EFBC}") = "Entidades", "Entidades\Entidades.csproj", "{3B372B91-76C4-490D-82B2-EA455FDB0882}"
EndProject
Project("{FAE04EC0-301F-11D3-BF4B-00C04F79EFBC}") = "CustomExceptions", "CustomExceptions\CustomExceptions.csproj", "{D51F25AB-78D6-4D6E-8887-2269B3A5AF1F}"
EndProject
Project("{FAE04EC0-301F-11D3-BF4B-00C04F79EFBC}") = "Forms", "Forms\Forms.csproj", "{A0E36D25-31FB-4FA7-877B-5E3AF80BD478}"
EndProject
Project("{FAE04EC0-301F-11D3-BF4B-00C04F79EFBC}") = "UnitTestProject", "UnitTestProject\UnitTestProject.csproj", "{6EDAAC4F-1BC4-4FC3-B3B4-CB02D3758B47}"
EndProject
Global
	GlobalSection(SolutionConfigurationPlatforms) = preSolution
		Debug|Any CPU = Debug|Any CPU
		Release|Any CPU = Release|Any CPU
	EndGlobalSection
	GlobalSection(ProjectConfigurationPlatforms) = postSolution
		{3B372B91-76C4-490D-82B2-EA455FDB0882}.Debug|Any CPU.ActiveCfg = Debug|Any CPU
		{3B372B91-76C4-490D-82B2-EA455FDB0882}.Debug|Any CPU.Build.0 = Debug|Any CPU
		{3B372B91-76C4-490D-82B2-EA455FDB0882}.Release|Any CPU.ActiveCfg = Release|Any CPU
		{3B372B91-76C4-490D-82B2-EA455FDB0882}.Release|Any CPU.Build.0 = Release|Any CPU
		{D51F25AB-78D6-4D6E-8887-2269B3A5AF1F}.Debug|Any CPU.ActiveCfg = Debug|Any CPU
		{D51F25AB-78D6-4D6E-8887-2269B3A5AF1F}.Debug|Any CPU.Build.0 = Debug|Any CPU
		{D51F25AB-78D6-4D6E-8887-2269B3A5AF1F}.Release|Any CPU.ActiveCfg = Release|Any CPU
		{D51F25AB-78D6-4D6E-8887-2269B3A5AF1F}.Release|Any CPU.Build.0 = Release|Any CPU
		{A0E36D25-31FB-4FA7-877B-5E3AF80BD478}.Debug|Any CPU.ActiveCfg = Debug|Any CPU
		{A0E36D25-31FB-4FA7-877B-5E3AF80BD478}.Debug|Any CPU.Build.0 = Debug|Any CPU
		{A0E36D25-31FB-4FA7-877B-5E3AF80BD478}.Release|Any CPU.ActiveCfg = Release|Any CPU
		{A0E36D25-31FB-4FA7-877B-5E3AF80BD478}.Release|Any CPU.Build.0 = Release|Any CPU
		{6EDAAC4F-1BC4-4FC3-B3B4-CB02D3758B47}.Debug|Any CPU.ActiveCfg = Debug|Any CPU
		{6EDAAC4F-1BC4-4FC3-B3B4-CB02D3758B47}.Debug|Any CPU.Build.0 = Debug|Any CPU
		{6EDAAC4F-1BC4-4FC3-B3B4-CB02D3758B47}.Release|Any CPU.ActiveCfg = Release|Any CPU
		{6EDAAC4F-1BC4-4FC3-B3B4-CB02D3758B47}.Release|Any CPU.Build.0 = Release|Any CPU
	EndGlobalSection
	GlobalSection(SolutionProperties) = preSolution
		HideSolutionNode = FALSE
	EndGlobalSection
	GlobalSection(ExtensibilityGlobals) = postSolution
		SolutionGuid = {8B0E4AF1-2ADA-489B-9D0B-D49BC2588FC1}
	EndGlobalSection
EndGlobal
